
Microsoft Visual Studio Solution File, Format Version 12.00
# Visual Studio Version 17
VisualStudioVersion = 17.4.33110.190
MinimumVisualStudioVersion = 10.0.40219.1
Project("{FAE04EC0-301F-11D3-BF4B-00C04F79EFBC}") = "W5.Clock", "W5.Clock.csproj", "{B6EF49A0-8E8D-4ADB-9F37-BEBAC1ED533E}"
EndProject
Global
	GlobalSection(SolutionConfigurationPlatforms) = preSolution
		Debug|Any CPU = Debug|Any CPU
		Release|Any CPU = Release|Any CPU
	EndGlobalSection
	GlobalSection(ProjectConfigurationPlatforms) = postSolution
		{B6EF49A0-8E8D-4ADB-9F37-BEBAC1ED533E}.Debug|Any CPU.ActiveCfg = Debug|Any CPU
		{B6EF49A0-8E8D-4ADB-9F37-BEBAC1ED533E}.Debug|Any CPU.Build.0 = Debug|Any CPU
		{B6EF49A0-8E8D-4ADB-9F37-BEBAC1ED533E}.Release|Any CPU.ActiveCfg = Release|Any CPU
		{B6EF49A0-8E8D-4ADB-9F37-BEBAC1ED533E}.Release|Any CPU.Build.0 = Release|Any CPU
	EndGlobalSection
	GlobalSection(SolutionProperties) = preSolution
		HideSolutionNode = FALSE
	EndGlobalSection
	GlobalSection(ExtensibilityGlobals) = postSolution
		SolutionGuid = {43F41316-74E5-426A-99E2-678F333D4D1C}
	EndGlobalSection
EndGlobal
